#MicroXplorer Configuration settings - do not modify
Mcu.Family=STM32G4
PA11.GPIO_Speed=GPIO_SPEED_FREQ_VERY_HIGH
ProjectManager.MainLocation=Core/Src
NVIC.ADC1_2_IRQn=true\:0\:0\:false\:false\:true\:true\:true
ADC2.ExternalTrigConv=ADC_SOFTWARE_START
RCC.USART1Freq_Value=168000000
RCC.SAI1Freq_Value=168000000
USART2.IPParameters=VirtualMode-Asynchronous,BaudRate
RCC.CortexFreq_Value=168000000
I2C1.I2C_Speed_Mode=I2C_Fast_Plus
ProjectManager.KeepUserCode=true
Mcu.UserName=STM32G431CBUx
ADC1.Overrun=ADC_OVR_DATA_OVERWRITTEN
ADC2.SamplingTime-1\#ChannelRegularConversion=ADC_SAMPLETIME_2CYCLES_5
ADC1.ContinuousConvMode=DISABLE
ADC2.Channel-0\#ChannelRegularConversion=ADC_CHANNEL_VOPAMP2
TIM1.RepetitionCounter=1
Dma.ADC1.0.Polarity=HAL_DMAMUX_REQ_GEN_RISING
TIM1.IPParameters=CounterMode,PeriodNoDither,RepetitionCounter,AutoReloadPreload,Channel-PWM Generation1 CH1 CH1N,Channel-PWM Generation3 CH3 CH3N,Channel-PWM Generation2 CH2 CH2N,OffStateRunMode,OffStateIDLEMode,DeadTime,OCMode_PWM-PWM Generation1 CH1 CH1N,OCFastMode_PWM-PWM Generation1 CH1 CH1N,OCMode_PWM-PWM Generation2 CH2 CH2N,OCFastMode_PWM-PWM Generation2 CH2 CH2N,OCMode_PWM-PWM Generation3 CH3 CH3N,OCFastMode_PWM-PWM Generation3 CH3 CH3N,OCPolarity_1,OCNPolarity_1,OCPolarity_2,OCNPolarity_2,OCPolarity_3,OCNPolarity_3,OC2Preload_PWM,DeadTimePreload,TIM_MasterOutputTrigger
Dma.ADC2.1.SyncRequestNumber=1
I2C1.I2C_Rise_Time=0
ProjectManager.functionlistsort=1-MX_GPIO_Init-GPIO-false-HAL-true,2-MX_DMA_Init-DMA-false-HAL-true,3-SystemClock_Config-RCC-false-HAL-false,4-MX_USART2_UART_Init-USART2-false-HAL-true,5-MX_TIM1_Init-TIM1-false-HAL-true,6-MX_I2C1_Init-I2C1-false-HAL-true,7-MX_OPAMP1_Init-OPAMP1-false-HAL-true,8-MX_OPAMP2_Init-OPAMP2-false-HAL-true,9-MX_OPAMP3_Init-OPAMP3-false-HAL-true,10-MX_ADC1_Init-ADC1-false-HAL-true,11-MX_ADC2_Init-ADC2-false-HAL-true,12-MX_FDCAN1_Init-FDCAN1-false-HAL-true
PA11.GPIOParameters=GPIO_Speed
PA11.Mode=FDCAN_Activate
RCC.USART2Freq_Value=168000000
SH.S_TIM1_CH3.ConfNb=1
SH.S_TIM1_CH1.ConfNb=1
PB15.Signal=TIM1_CH3N
PinOutPanel.RotationAngle=0
RCC.MCO1PinFreq_Value=16000000
RCC.SYSCLKSource=RCC_SYSCLKSOURCE_PLLCLK
ProjectManager.StackSize=0x400
RCC.I2C3Freq_Value=168000000
RCC.LPTIM1Freq_Value=168000000
Mcu.IP4=I2C1
Mcu.IP5=NVIC
RCC.FCLKCortexFreq_Value=168000000
Mcu.IP2=DMA
I2C1.IPParameters=Timing,I2C_Speed_Mode,I2C_Rise_Time,I2C_Fall_Time
NVIC.SVCall_IRQn=true\:0\:0\:false\:false\:true\:false\:false
Mcu.IP3=FDCAN1
Mcu.IP0=ADC1
PA12.Locked=true
Mcu.IP1=ADC2
PA12.Signal=TIM1_CH2N
Mcu.UserConstants=
VP_ADC1_OPAMP_INTERNAL1.Mode=IN-OPAMP1
ADC2.DMAContinuousRequests=DISABLE
Mcu.ThirdPartyNb=0
ADC1.Mode=ADC_MODE_INDEPENDENT
ADC1.Channel-3\#ChannelRegularConversion=ADC_CHANNEL_1
Dma.ADC2.1.SyncEnable=DISABLE
RCC.HCLKFreq_Value=168000000
Mcu.IPNb=13
ADC1.Resolution=ADC_RESOLUTION_12B
ProjectManager.PreviousToolchain=
RCC.APB2TimFreq_Value=168000000
Dma.ADC1.0.Direction=DMA_PERIPH_TO_MEMORY
ADC1.Channel-2\#ChannelRegularConversion=ADC_CHANNEL_VOPAMP1
Mcu.Pin6=PA3
Mcu.Pin7=PA5
Mcu.Pin8=PA7
Mcu.Pin9=PB0
ADC2.EOCSelection=ADC_EOC_SEQ_CONV
Dma.ADC1.0.MemDataAlignment=DMA_MDATAALIGN_HALFWORD
RCC.AHBFreq_Value=168000000
Mcu.Pin0=PC13
Mcu.Pin1=PC14-OSC32_IN
OPAMP2.IPParameters=PowerMode,PgaGain
Mcu.Pin2=PF0-OSC_IN
Mcu.Pin3=PF1-OSC_OUT
RCC.USART3Freq_Value=168000000
Mcu.Pin4=PA0
Mcu.Pin5=PA1
OPAMP2.PgaGain=OPAMP_PGA_GAIN_16_OR_MINUS_15
ProjectManager.ProjectBuild=false
RCC.HSE_VALUE=8000000
NVIC.UsageFault_IRQn=true\:0\:0\:false\:false\:true\:false\:false
PA0.Locked=true
NVIC.DebugMonitor_IRQn=true\:0\:0\:false\:false\:true\:false\:false
PB3.Mode=Asynchronous
PB2.Signal=OPAMP3_VINM0
Mcu.IP10=SYS
USART2.VirtualMode-Asynchronous=VM_ASYNC
NVIC.SysTick_IRQn=true\:0\:0\:false\:false\:true\:false\:true
RCC.ADC12Freq_Value=168000000
Mcu.IP12=USART2
FDCAN1.ClockDivider=FDCAN_CLOCK_DIV1
Mcu.IP11=TIM1
Dma.ADC2.1.RequestNumber=1
ProjectManager.FirmwarePackage=STM32Cube FW_G4 V1.4.0
Dma.ADC2.1.SyncPolarity=HAL_DMAMUX_SYNC_NO_EVENT
MxDb.Version=DB.6.0.21
Dma.ADC2.1.Instance=DMA1_Channel2
ADC1.Rank-2\#ChannelRegularConversion=1
PB4.Mode=Asynchronous
ProjectManager.BackupPrevious=false
RCC.VCOInputFreq_Value=4000000
TIM1.OC2Preload_PWM=ENABLE
Dma.ADC1.0.PeriphInc=DMA_PINC_DISABLE
FDCAN1.NominalPrescaler=3
TIM1.DeadTime=100
Dma.ADC2.1.Polarity=HAL_DMAMUX_REQ_GEN_RISING
File.Version=6
PA0.Mode=IN1-Single-Ended
VP_ADC2_OPAMP_INTERNAL3.Mode=IN-OPAMP3
TIM1.OCMode_PWM-PWM\ Generation1\ CH1\ CH1N=TIM_OCMODE_PWM2
VP_SYS_VS_DBSignals.Mode=DisableDeadBatterySignals
PB7.Signal=I2C1_SDA
PA8.Signal=S_TIM1_CH1
Dma.ADC2.1.PeriphInc=DMA_PINC_DISABLE
RCC.PLLRCLKFreq_Value=168000000
VP_ADC1_OPAMP_INTERNAL1.Signal=ADC1_OPAMP_INTERNAL1
NVIC.PendSV_IRQn=true\:0\:0\:false\:false\:true\:false\:false
Dma.RequestsNb=2
ProjectManager.HalAssertFull=false
VP_TIM1_VS_ClockSourceINT.Mode=Internal
FDCAN1.NominalTimeSeg1=11
OPAMP1.PgaGain=OPAMP_PGA_GAIN_16_OR_MINUS_15
TIM1.OCFastMode_PWM-PWM\ Generation1\ CH1\ CH1N=TIM_OCFAST_ENABLE
RCC.CRSFreq_Value=48000000
ProjectManager.ProjectName=G431B_ESC_V1
PA0.Signal=ADC1_IN1
Dma.ADC2.1.RequestParameters=Instance,Direction,PeriphInc,MemInc,PeriphDataAlignment,MemDataAlignment,Mode,Priority,SignalID,Polarity,RequestNumber,SyncSignalID,SyncPolarity,SyncEnable,EventEnable,SyncRequestNumber
PB9.Signal=FDCAN1_TX
Mcu.Package=UFQFPN48
ADC1.EnableInjectedConversion=DISABLE
VP_ADC2_OPAMP_INTERNAL2.Signal=ADC2_OPAMP_INTERNAL2
ADC2.Overrun=ADC_OVR_DATA_OVERWRITTEN
ProjectManager.ToolChainLocation=
RCC.LSI_VALUE=32000
VP_SYS_VS_Systick.Signal=SYS_VS_Systick
ADC2.Channel-1\#ChannelRegularConversion=ADC_CHANNEL_VOPAMP3_ADC2
RCC.LSCOPinFreq_Value=32000
TIM1.OCMode_PWM-PWM\ Generation3\ CH3\ CH3N=TIM_OCMODE_PWM2
PA10.Signal=S_TIM1_CH3
PA15.Signal=GPIO_Output
VP_ADC2_OPAMP_INTERNAL2.Mode=IN-OPAMP2
TIM1.OCFastMode_PWM-PWM\ Generation2\ CH2\ CH2N=TIM_OCFAST_ENABLE
ADC2.SamplingTime-0\#ChannelRegularConversion=ADC_SAMPLETIME_2CYCLES_5
ADC1.Rank1_Channel=ADC_CHANNEL_VOPAMP1
PB9.GPIO_Speed=GPIO_SPEED_FREQ_VERY_HIGH
ADC2.NbrOfConversion=2
RCC.PLLPoutputFreq_Value=168000000
Dma.Request1=ADC2
RCC.APB1TimFreq_Value=168000000
NVIC.BusFault_IRQn=true\:0\:0\:false\:false\:true\:false\:false
RCC.LPUART1Freq_Value=168000000
TIM1.OCMode_PWM-PWM\ Generation2\ CH2\ CH2N=TIM_OCMODE_PWM2
ADC2.Rank-0\#ChannelRegularConversion=1
PF1-OSC_OUT.Mode=HSE-External-Oscillator
Dma.Request0=ADC1
OPAMP3.IPParameters=PowerMode,PgaGain
TIM1.OCFastMode_PWM-PWM\ Generation3\ CH3\ CH3N=TIM_OCFAST_ENABLE
ADC1.EOCSelection=ADC_EOC_SEQ_CONV
PB9.GPIO_FM9=SYSCFG_FASTMODEPLUS_PB9
Dma.ADC2.1.PeriphDataAlignment=DMA_PDATAALIGN_HALFWORD
ProjectManager.CustomerFirmwarePackage=
PC14-OSC32_IN.Locked=true
PF1-OSC_OUT.Signal=RCC_OSC_OUT
Dma.ADC1.0.EventEnable=DISABLE
RCC.HSI48_VALUE=48000000
PB15.Locked=true
PB3.Locked=true
PB4.Signal=USART2_RX
ADC2.Rank1_Channel=ADC_CHANNEL_VOPAMP2
PA3.Signal=OPAMP1_VINM0
NVIC.FDCAN1_IT0_IRQn=true\:0\:0\:false\:false\:true\:true\:true
PA5.Mode=PGA Internally connected_IO0_BIAS
RCC.PLLSourceVirtual=RCC_PLLSOURCE_HSE
RCC.I2SFreq_Value=168000000
RCC.PLLQoutputFreq_Value=168000000
TIM1.OCPolarity_1=TIM_OCPOLARITY_LOW
ProjectManager.ProjectFileName=G431B_ESC_V1.ioc
PB8-BOOT0.Mode=I2C
TIM1.OCPolarity_3=TIM_OCPOLARITY_LOW
Dma.ADC1.0.Instance=DMA1_Channel1
TIM1.OCPolarity_2=TIM_OCPOLARITY_LOW
TIM1.OffStateIDLEMode=TIM_OSSI_ENABLE
PA7.Mode=PGA Internally connected_IO0_BIAS
Mcu.PinsNb=31
OPAMP2.PowerMode=OPAMP_POWERMODE_HIGHSPEED
ProjectManager.NoMain=false
PC11.Locked=true
Dma.ADC1.0.SyncRequestNumber=1
I2C1.I2C_Fall_Time=0
ADC1.IPParameters=master,EOCSelection,Overrun,Mode,EnableRegularConversion,Rank-2\#ChannelRegularConversion,Channel-2\#ChannelRegularConversion,SamplingTime-2\#ChannelRegularConversion,OffsetNumber-2\#ChannelRegularConversion,NbrOfConversionFlag,NbrOfConversion,ExternalTrigConv,EnableInjectedConversion,Rank1_Channel,Rank2_Channel,ContinuousConvMode,Resolution,Rank-3\#ChannelRegularConversion,Channel-3\#ChannelRegularConversion,SamplingTime-3\#ChannelRegularConversion,OffsetNumber-3\#ChannelRegularConversion,DMAContinuousRequests
TIM1.CounterMode=TIM_COUNTERMODE_CENTERALIGNED1
PC13.Signal=TIM1_CH1N
PC11.Signal=GPIO_Output
ADC1.OffsetNumber-3\#ChannelRegularConversion=ADC_OFFSET_NONE
PC6.Signal=GPIO_Output
RCC.EXTERNAL_CLOCK_VALUE=12288000
ProjectManager.DefaultFWLocation=true
ADC1.Rank2_Channel=ADC_CHANNEL_1
TIM1.Channel-PWM\ Generation1\ CH1\ CH1N=TIM_CHANNEL_1
OPAMP1.PowerMode=OPAMP_POWERMODE_HIGHSPEED
ProjectManager.DeletePrevious=true
PC14-OSC32_IN.Signal=GPIO_Output
FDCAN1.IPParameters=ClockDivider,AutoRetransmission,NominalPrescaler,NominalTimeSeg1
NVIC.USART2_IRQn=true\:0\:0\:false\:false\:true\:true\:true
USART2.BaudRate=921600
ADC1.SamplingTime-2\#ChannelRegularConversion=ADC_SAMPLETIME_2CYCLES_5
RCC.FamilyName=M
PB8-BOOT0.Locked=true
VP_ADC2_OPAMP_INTERNAL3.Signal=ADC2_OPAMP_INTERNAL3
PB9.GPIOParameters=GPIO_Speed,GPIO_FM9
PA3.Mode=PGA Internally connected_IO0_BIAS
OPAMP3.PowerMode=OPAMP_POWERMODE_HIGHSPEED
TIM1.AutoReloadPreload=TIM_AUTORELOAD_PRELOAD_ENABLE
TIM1.Channel-PWM\ Generation2\ CH2\ CH2N=TIM_CHANNEL_2
Dma.ADC1.0.PeriphDataAlignment=DMA_PDATAALIGN_HALFWORD
Dma.ADC2.1.SyncSignalID=NONE
PA15.Locked=true
SH.S_TIM1_CH1.0=TIM1_CH1,PWM Generation1 CH1 CH1N
ADC2.ContinuousConvMode=DISABLE
NVIC.DMA1_Channel2_IRQn=true\:0\:0\:false\:false\:true\:false\:true
ProjectManager.TargetToolchain=STM32CubeIDE
Dma.ADC1.0.Mode=DMA_NORMAL
Dma.ADC1.0.SignalID=NONE
TIM1.DeadTimePreload=ENABLE
ADC2.IPParameters=Rank-0\#ChannelRegularConversion,Channel-0\#ChannelRegularConversion,SamplingTime-0\#ChannelRegularConversion,OffsetNumber-0\#ChannelRegularConversion,NbrOfConversionFlag,NbrOfConversion,EOCSelection,Overrun,EnableInjectedConversion,Rank1_Channel,Rank2_Channel,ContinuousConvMode,Rank-1\#ChannelRegularConversion,Channel-1\#ChannelRegularConversion,SamplingTime-1\#ChannelRegularConversion,OffsetNumber-1\#ChannelRegularConversion,DMAContinuousRequests,ExternalTrigConv
Dma.ADC1.0.SyncSignalID=NONE
PC6.Locked=true
PB9.Mode=FDCAN_Activate
Dma.ADC1.0.Priority=DMA_PRIORITY_LOW
PA9.Signal=S_TIM1_CH2
VP_TIM1_VS_ClockSourceINT.Signal=TIM1_VS_ClockSourceINT
I2C1.Timing=0x00802F62
TIM1.Channel-PWM\ Generation3\ CH3\ CH3N=TIM_CHANNEL_3
ProjectManager.RegisterCallBack=
RCC.USBFreq_Value=168000000
Dma.ADC2.1.Mode=DMA_NORMAL
RCC.LSE_VALUE=32768
PA1.Signal=OPAMP1_VINP
PF0-OSC_IN.Mode=HSE-External-Oscillator
SH.S_TIM1_CH2.ConfNb=1
ADC2.OffsetNumber-1\#ChannelRegularConversion=ADC_OFFSET_NONE
PA5.Signal=OPAMP2_VINM0
ADC2.OffsetNumber-0\#ChannelRegularConversion=ADC_OFFSET_NONE
PB0.Mode=PGA Internally connected_IO0_BIAS
PB8-BOOT0.Signal=I2C1_SCL
board=custom
RCC.VCOOutputFreq_Value=336000000
TIM1.OCNPolarity_1=TIM_OCNPOLARITY_LOW
ProjectManager.LastFirmware=true
PB15.Mode=PWM Generation3 CH3 CH3N
Dma.ADC1.0.RequestParameters=Instance,Direction,PeriphInc,MemInc,PeriphDataAlignment,MemDataAlignment,Mode,Priority,SignalID,Polarity,RequestNumber,SyncSignalID,SyncPolarity,SyncEnable,EventEnable,SyncRequestNumber
Dma.ADC1.0.SyncPolarity=HAL_DMAMUX_SYNC_NO_EVENT
FDCAN1.AutoRetransmission=ENABLE
TIM1.TIM_MasterOutputTrigger=TIM_TRGO_UPDATE
RCC.APB2Freq_Value=168000000
PA1.Mode=PGA Internally connected_IO0_BIAS
RCC.UART4Freq_Value=168000000
TIM1.OCNPolarity_3=TIM_OCNPOLARITY_LOW
TIM1.OCNPolarity_2=TIM_OCNPOLARITY_LOW
MxCube.Version=6.2.1
SH.S_TIM1_CH2.0=TIM1_CH2,PWM Generation2 CH2 CH2N
RCC.I2C1Freq_Value=168000000
VP_SYS_VS_DBSignals.Signal=SYS_VS_DBSignals
RCC.FDCANFreq_Value=168000000
RCC.RNGFreq_Value=168000000
Mcu.Pin30=VP_TIM1_VS_ClockSourceINT
VP_SYS_VS_Systick.Mode=SysTick
NVIC.NonMaskableInt_IRQn=true\:0\:0\:false\:false\:true\:false\:false
TIM1.OffStateRunMode=TIM_OSSR_ENABLE
ADC1.DMAContinuousRequests=DISABLE
Dma.ADC2.1.MemInc=DMA_MINC_ENABLE
ADC1.NbrOfConversion=2
PC13.Mode=PWM Generation1 CH1 CH1N
ADC1.OffsetNumber-2\#ChannelRegularConversion=ADC_OFFSET_NONE
ProjectManager.FreePins=false
RCC.IPParameters=ADC12Freq_Value,AHBFreq_Value,APB1Freq_Value,APB1TimFreq_Value,APB2Freq_Value,APB2TimFreq_Value,CRSFreq_Value,CortexFreq_Value,EXTERNAL_CLOCK_VALUE,FCLKCortexFreq_Value,FDCANFreq_Value,FamilyName,HCLKFreq_Value,HSE_VALUE,HSI48_VALUE,HSI_VALUE,I2C1Freq_Value,I2C2Freq_Value,I2C3Freq_Value,I2SFreq_Value,LPTIM1Freq_Value,LPUART1Freq_Value,LSCOPinFreq_Value,LSE_VALUE,LSI_VALUE,MCO1PinFreq_Value,PLLM,PLLN,PLLPoutputFreq_Value,PLLQoutputFreq_Value,PLLRCLKFreq_Value,PLLSourceVirtual,PWRFreq_Value,RNGFreq_Value,SAI1Freq_Value,SYSCLKFreq_VALUE,SYSCLKSource,UART4Freq_Value,USART1Freq_Value,USART2Freq_Value,USART3Freq_Value,USBFreq_Value,VCOInputFreq_Value,VCOOutputFreq_Value
ProjectManager.AskForMigrate=true
Mcu.Name=STM32G431C(6-8-B)Ux
Mcu.Pin26=VP_ADC2_OPAMP_INTERNAL2
Mcu.Pin27=VP_ADC2_OPAMP_INTERNAL3
Mcu.Pin24=PB9
ProjectManager.UnderRoot=true
Mcu.Pin25=VP_ADC1_OPAMP_INTERNAL1
Mcu.IP8=OPAMP3
ADC1.ExternalTrigConv=ADC_SOFTWARE_START
ADC2.Rank2_Channel=ADC_CHANNEL_VOPAMP3_ADC2
Mcu.IP9=RCC
Mcu.Pin28=VP_SYS_VS_Systick
ADC2.EnableInjectedConversion=DISABLE
Mcu.IP6=OPAMP1
Mcu.Pin29=VP_SYS_VS_DBSignals
Mcu.IP7=OPAMP2
ProjectManager.CoupleFile=true
PB4.Locked=true
PB3.Signal=USART2_TX
RCC.SYSCLKFreq_VALUE=168000000
Mcu.Pin22=PB7
Dma.ADC2.1.Direction=DMA_PERIPH_TO_MEMORY
Mcu.Pin23=PB8-BOOT0
Mcu.Pin20=PB3
ADC1.master=1
Mcu.Pin21=PB4
PA12.Mode=PWM Generation2 CH2 CH2N
ADC1.Rank-3\#ChannelRegularConversion=2
ADC1.SamplingTime-3\#ChannelRegularConversion=ADC_SAMPLETIME_2CYCLES_5
ADC2.NbrOfConversionFlag=1
NVIC.ForceEnableDMAVector=true
KeepUserPlacement=false
NVIC.MemoryManagement_IRQn=true\:0\:0\:false\:false\:true\:false\:false
PB2.Mode=PGA Internally connected_IO0_BIAS
ProjectManager.CompilerOptimize=6
OPAMP3.PgaGain=OPAMP_PGA_GAIN_16_OR_MINUS_15
Dma.ADC1.0.RequestNumber=1
PB7.Mode=I2C
PA11.Signal=FDCAN1_RX
Dma.ADC1.0.SyncEnable=DISABLE
Dma.ADC1.0.MemInc=DMA_MINC_ENABLE
ProjectManager.HeapSize=0x200
Mcu.Pin15=PA10
NVIC.HardFault_IRQn=true\:0\:0\:false\:false\:true\:false\:false
Mcu.Pin16=PA11
Mcu.Pin13=PA8
Mcu.Pin14=PA9
SH.S_TIM1_CH3.0=TIM1_CH3,PWM Generation3 CH3 CH3N
Mcu.Pin19=PC11
ProjectManager.ComputerToolchain=false
Mcu.Pin17=PA12
Dma.ADC2.1.SignalID=NONE
RCC.HSI_VALUE=16000000
Mcu.Pin18=PA15
Dma.ADC2.1.EventEnable=DISABLE
NVIC.TIM1_UP_TIM16_IRQn=true\:0\:0\:false\:false\:true\:true\:true
NVIC.PriorityGroup=NVIC_PRIORITYGROUP_4
ADC1.NbrOfConversionFlag=1
Mcu.Pin11=PB15
Mcu.Pin12=PC6
Dma.ADC2.1.MemDataAlignment=DMA_MDATAALIGN_HALFWORD
RCC.PLLM=RCC_PLLM_DIV2
RCC.PLLN=84
Mcu.Pin10=PB2
ADC2.Rank-1\#ChannelRegularConversion=2
ADC1.EnableRegularConversion=ENABLE
PB7.Locked=true
Dma.ADC2.1.Priority=DMA_PRIORITY_LOW
RCC.PWRFreq_Value=168000000
NVIC.DMA1_Channel1_IRQn=true\:0\:0\:false\:false\:true\:false\:true
PF0-OSC_IN.Signal=RCC_OSC_IN
RCC.I2C2Freq_Value=168000000
RCC.APB1Freq_Value=168000000
PB0.Signal=OPAMP3_VINP
OPAMP1.IPParameters=PgaGain,PowerMode
ProjectManager.DeviceId=STM32G431CBUx
ProjectManager.LibraryCopy=1
TIM1.PeriodNoDither=4200
PA7.Signal=OPAMP2_VINP
